
Microsoft Visual Studio Solution File, Format Version 12.00
# Visual Studio Version 16
VisualStudioVersion = 16.0.30503.244
MinimumVisualStudioVersion = 10.0.40219.1
Project("{9A19103F-16F7-4668-BE54-9A1E7A4F7556}") = "Jarvis_Bot", "Jarvis_Bot\Jarvis_Bot.csproj", "{2EF4B8F8-0A0C-4799-94E3-FE44F6C34B58}"
EndProject
Global
	GlobalSection(SolutionConfigurationPlatforms) = preSolution
		Debug|Any CPU = Debug|Any CPU
		Release|Any CPU = Release|Any CPU
	EndGlobalSection
	GlobalSection(ProjectConfigurationPlatforms) = postSolution
		{2EF4B8F8-0A0C-4799-94E3-FE44F6C34B58}.Debug|Any CPU.ActiveCfg = Debug|Any CPU
		{2EF4B8F8-0A0C-4799-94E3-FE44F6C34B58}.Debug|Any CPU.Build.0 = Debug|Any CPU
		{2EF4B8F8-0A0C-4799-94E3-FE44F6C34B58}.Release|Any CPU.ActiveCfg = Release|Any CPU
		{2EF4B8F8-0A0C-4799-94E3-FE44F6C34B58}.Release|Any CPU.Build.0 = Release|Any CPU
	EndGlobalSection
	GlobalSection(SolutionProperties) = preSolution
		HideSolutionNode = FALSE
	EndGlobalSection
	GlobalSection(ExtensibilityGlobals) = postSolution
		SolutionGuid = {2BABAE57-29D4-4433-8EB8-936E8DF99EE8}
	EndGlobalSection
EndGlobal
